// !$*UTF8*$!
{
	archiveVersion = 1;
	classes = {
	};
	objectVersion = 51;
	objects = {

/* Begin PBXBuildFile section */
		2B71682826838FFB00321C1D /* AppDelegate.m in Sources */ = {isa = PBXBuildFile; fileRef = 2B71682726838FFB00321C1D /* AppDelegate.m */; };
		2B71682B26838FFB00321C1D /* SceneDelegate.m in Sources */ = {isa = PBXBuildFile; fileRef = 2B71682A26838FFB00321C1D /* SceneDelegate.m */; };
		2B71683126838FFB00321C1D /* Main.storyboard in Resources */ = {isa = PBXBuildFile; fileRef = 2B71682F26838FFB00321C1D /* Main.storyboard */; };
		2B71683326838FFD00321C1D /* Assets.xcassets in Resources */ = {isa = PBXBuildFile; fileRef = 2B71683226838FFD00321C1D /* Assets.xcassets */; };
		2B71683626838FFD00321C1D /* LaunchScreen.storyboard in Resources */ = {isa = PBXBuildFile; fileRef = 2B71683426838FFD00321C1D /* LaunchScreen.storyboard */; };
		2B71683926838FFD00321C1D /* main.m in Sources */ = {isa = PBXBuildFile; fileRef = 2B71683826838FFD00321C1D /* main.m */; };
		2B71684326838FFD00321C1D /* FlixTests.m in Sources */ = {isa = PBXBuildFile; fileRef = 2B71684226838FFD00321C1D /* FlixTests.m */; };
		2B71684E26838FFD00321C1D /* FlixUITests.m in Sources */ = {isa = PBXBuildFile; fileRef = 2B71684D26838FFD00321C1D /* FlixUITests.m */; };
		2B71685D2683983F00321C1D /* MoviesViewController.m in Sources */ = {isa = PBXBuildFile; fileRef = 2B71685C2683983F00321C1D /* MoviesViewController.m */; };
		2B7168642683D0A900321C1D /* MovieCell.m in Sources */ = {isa = PBXBuildFile; fileRef = 2B7168632683D0A900321C1D /* MovieCell.m */; };
		2BD684BE2684F1E400CF63D9 /* DetailsViewController.m in Sources */ = {isa = PBXBuildFile; fileRef = 2BD684BD2684F1E400CF63D9 /* DetailsViewController.m */; };
		AB77008779E0220087CEED76 /* Pods_Flix_FlixUITests.framework in Frameworks */ = {isa = PBXBuildFile; fileRef = 79F997AC9632CE51BD81601C /* Pods_Flix_FlixUITests.framework */; };
		E961CE6FACFC15C191350D1F /* Pods_FlixTests.framework in Frameworks */ = {isa = PBXBuildFile; fileRef = C32F35F9D7DCE2B330FCBE92 /* Pods_FlixTests.framework */; };
		F90686D1FF12EC9CBB618F85 /* Pods_Flix.framework in Frameworks */ = {isa = PBXBuildFile; fileRef = 712B875EAD27CB1C4F81BEB1 /* Pods_Flix.framework */; };
/* End PBXBuildFile section */

/* Begin PBXContainerItemProxy section */
		2B71683F26838FFD00321C1D /* PBXContainerItemProxy */ = {
			isa = PBXContainerItemProxy;
			containerPortal = 2B71681B26838FFB00321C1D /* Project object */;
			proxyType = 1;
			remoteGlobalIDString = 2B71682226838FFB00321C1D;
			remoteInfo = Flix;
		};
		2B71684A26838FFD00321C1D /* PBXContainerItemProxy */ = {
			isa = PBXContainerItemProxy;
			containerPortal = 2B71681B26838FFB00321C1D /* Project object */;
			proxyType = 1;
			remoteGlobalIDString = 2B71682226838FFB00321C1D;
			remoteInfo = Flix;
		};
/* End PBXContainerItemProxy section */

/* Begin PBXFileReference section */
		2B71682626838FFB00321C1D /* AppDelegate.h */ = {isa = PBXFileReference; lastKnownFileType = sourcecode.c.h; path = AppDelegate.h; sourceTree = "<group>"; };
		2B71682726838FFB00321C1D /* AppDelegate.m */ = {isa = PBXFileReference; lastKnownFileType = sourcecode.c.objc; path = AppDelegate.m; sourceTree = "<group>"; };
		2B71682926838FFB00321C1D /* SceneDelegate.h */ = {isa = PBXFileReference; lastKnownFileType = sourcecode.c.h; path = SceneDelegate.h; sourceTree = "<group>"; };
		2B71682A26838FFB00321C1D /* SceneDelegate.m */ = {isa = PBXFileReference; lastKnownFileType = sourcecode.c.objc; path = SceneDelegate.m; sourceTree = "<group>"; };
		2B71683026838FFB00321C1D /* Base */ = {isa = PBXFileReference; lastKnownFileType = file.storyboard; name = Base; path = Base.lproj/Main.storyboard; sourceTree = "<group>"; };
		2B71683226838FFD00321C1D /* Assets.xcassets */ = {isa = PBXFileReference; lastKnownFileType = folder.assetcatalog; path = Assets.xcassets; sourceTree = "<group>"; };
		2B71683526838FFD00321C1D /* Base */ = {isa = PBXFileReference; lastKnownFileType = file.storyboard; name = Base; path = Base.lproj/LaunchScreen.storyboard; sourceTree = "<group>"; };
		2B71683726838FFD00321C1D /* Info.plist */ = {isa = PBXFileReference; lastKnownFileType = text.plist.xml; path = Info.plist; sourceTree = "<group>"; };
		2B71683826838FFD00321C1D /* main.m */ = {isa = PBXFileReference; lastKnownFileType = sourcecode.c.objc; path = main.m; sourceTree = "<group>"; };
		2B71684226838FFD00321C1D /* FlixTests.m */ = {isa = PBXFileReference; lastKnownFileType = sourcecode.c.objc; path = FlixTests.m; sourceTree = "<group>"; };
		2B71684426838FFD00321C1D /* Info.plist */ = {isa = PBXFileReference; lastKnownFileType = text.plist.xml; path = Info.plist; sourceTree = "<group>"; };
		2B71684D26838FFD00321C1D /* FlixUITests.m */ = {isa = PBXFileReference; lastKnownFileType = sourcecode.c.objc; path = FlixUITests.m; sourceTree = "<group>"; };
		2B71684F26838FFD00321C1D /* Info.plist */ = {isa = PBXFileReference; lastKnownFileType = text.plist.xml; path = Info.plist; sourceTree = "<group>"; };
		2B71685B2683983F00321C1D /* MoviesViewController.h */ = {isa = PBXFileReference; lastKnownFileType = sourcecode.c.h; path = MoviesViewController.h; sourceTree = "<group>"; };
		2B71685C2683983F00321C1D /* MoviesViewController.m */ = {isa = PBXFileReference; lastKnownFileType = sourcecode.c.objc; path = MoviesViewController.m; sourceTree = "<group>"; };
		2B7168622683D0A900321C1D /* MovieCell.h */ = {isa = PBXFileReference; lastKnownFileType = sourcecode.c.h; path = MovieCell.h; sourceTree = "<group>"; };
		2B7168632683D0A900321C1D /* MovieCell.m */ = {isa = PBXFileReference; lastKnownFileType = sourcecode.c.objc; path = MovieCell.m; sourceTree = "<group>"; };
		2BD684722683DD5E00CF63D9 /* Flix.app */ = {isa = PBXFileReference; explicitFileType = wrapper.application; includeInIndex = 0; path = Flix.app; sourceTree = BUILT_PRODUCTS_DIR; };
		2BD684732683DD5E00CF63D9 /* FlixTests.xctest */ = {isa = PBXFileReference; explicitFileType = wrapper.cfbundle; includeInIndex = 0; path = FlixTests.xctest; sourceTree = BUILT_PRODUCTS_DIR; };
		2BD684742683DD5E00CF63D9 /* FlixUITests.xctest */ = {isa = PBXFileReference; explicitFileType = wrapper.cfbundle; includeInIndex = 0; path = FlixUITests.xctest; sourceTree = BUILT_PRODUCTS_DIR; };
		2BD684BC2684F1E400CF63D9 /* DetailsViewController.h */ = {isa = PBXFileReference; lastKnownFileType = sourcecode.c.h; path = DetailsViewController.h; sourceTree = "<group>"; };
		2BD684BD2684F1E400CF63D9 /* DetailsViewController.m */ = {isa = PBXFileReference; lastKnownFileType = sourcecode.c.objc; path = DetailsViewController.m; sourceTree = "<group>"; };
		480DE85A18CC326952F40F52 /* Pods-FlixTests.release.xcconfig */ = {isa = PBXFileReference; includeInIndex = 1; lastKnownFileType = text.xcconfig; name = "Pods-FlixTests.release.xcconfig"; path = "Target Support Files/Pods-FlixTests/Pods-FlixTests.release.xcconfig"; sourceTree = "<group>"; };
		712B875EAD27CB1C4F81BEB1 /* Pods_Flix.framework */ = {isa = PBXFileReference; explicitFileType = wrapper.framework; includeInIndex = 0; path = Pods_Flix.framework; sourceTree = BUILT_PRODUCTS_DIR; };
		79F997AC9632CE51BD81601C /* Pods_Flix_FlixUITests.framework */ = {isa = PBXFileReference; explicitFileType = wrapper.framework; includeInIndex = 0; path = Pods_Flix_FlixUITests.framework; sourceTree = BUILT_PRODUCTS_DIR; };
		BA92C1F4A315C95AB84F962F /* Pods-FlixTests.debug.xcconfig */ = {isa = PBXFileReference; includeInIndex = 1; lastKnownFileType = text.xcconfig; name = "Pods-FlixTests.debug.xcconfig"; path = "Target Support Files/Pods-FlixTests/Pods-FlixTests.debug.xcconfig"; sourceTree = "<group>"; };
		C32F35F9D7DCE2B330FCBE92 /* Pods_FlixTests.framework */ = {isa = PBXFileReference; explicitFileType = wrapper.framework; includeInIndex = 0; path = Pods_FlixTests.framework; sourceTree = BUILT_PRODUCTS_DIR; };
		CCA50E28B4E6FA733FCF1D2B /* Pods-Flix.debug.xcconfig */ = {isa = PBXFileReference; includeInIndex = 1; lastKnownFileType = text.xcconfig; name = "Pods-Flix.debug.xcconfig"; path = "Target Support Files/Pods-Flix/Pods-Flix.debug.xcconfig"; sourceTree = "<group>"; };
		D5C0EEA0E310CBB5D7640F55 /* Pods-Flix-FlixUITests.debug.xcconfig */ = {isa = PBXFileReference; includeInIndex = 1; lastKnownFileType = text.xcconfig; name = "Pods-Flix-FlixUITests.debug.xcconfig"; path = "Target Support Files/Pods-Flix-FlixUITests/Pods-Flix-FlixUITests.debug.xcconfig"; sourceTree = "<group>"; };
		DA48EDAE6CC5E4509C0C78CE /* Pods-Flix.release.xcconfig */ = {isa = PBXFileReference; includeInIndex = 1; lastKnownFileType = text.xcconfig; name = "Pods-Flix.release.xcconfig"; path = "Target Support Files/Pods-Flix/Pods-Flix.release.xcconfig"; sourceTree = "<group>"; };
		DE6E76390D735952C922E12B /* Pods-Flix-FlixUITests.release.xcconfig */ = {isa = PBXFileReference; includeInIndex = 1; lastKnownFileType = text.xcconfig; name = "Pods-Flix-FlixUITests.release.xcconfig"; path = "Target Support Files/Pods-Flix-FlixUITests/Pods-Flix-FlixUITests.release.xcconfig"; sourceTree = "<group>"; };
/* End PBXFileReference section */

/* Begin PBXFrameworksBuildPhase section */
		2B71682026838FFB00321C1D /* Frameworks */ = {
			isa = PBXFrameworksBuildPhase;
			buildActionMask = 2147483647;
			files = (
				F90686D1FF12EC9CBB618F85 /* Pods_Flix.framework in Frameworks */,
			);
			runOnlyForDeploymentPostprocessing = 0;
		};
		2B71683B26838FFD00321C1D /* Frameworks */ = {
			isa = PBXFrameworksBuildPhase;
			buildActionMask = 2147483647;
			files = (
				E961CE6FACFC15C191350D1F /* Pods_FlixTests.framework in Frameworks */,
			);
			runOnlyForDeploymentPostprocessing = 0;
		};
		2B71684626838FFD00321C1D /* Frameworks */ = {
			isa = PBXFrameworksBuildPhase;
			buildActionMask = 2147483647;
			files = (
				AB77008779E0220087CEED76 /* Pods_Flix_FlixUITests.framework in Frameworks */,
			);
			runOnlyForDeploymentPostprocessing = 0;
		};
/* End PBXFrameworksBuildPhase section */

/* Begin PBXGroup section */
		2B71681A26838FFB00321C1D = {
			isa = PBXGroup;
			children = (
				2B71682526838FFB00321C1D /* Flix */,
				2B71684126838FFD00321C1D /* FlixTests */,
				2B71684C26838FFD00321C1D /* FlixUITests */,
				33D5EFC2414B7BAF6575EF07 /* Pods */,
				D45A232A703EE1052EF84284 /* Frameworks */,
				2BD684722683DD5E00CF63D9 /* Flix.app */,
				2BD684732683DD5E00CF63D9 /* FlixTests.xctest */,
				2BD684742683DD5E00CF63D9 /* FlixUITests.xctest */,
			);
			sourceTree = "<group>";
		};
		2B71682526838FFB00321C1D /* Flix */ = {
			isa = PBXGroup;
			children = (
				2B716861268399FD00321C1D /* Models */,
				2B71685F268399D600321C1D /* Views */,
				2B71685E268399CD00321C1D /* View Controllers */,
				2B71682626838FFB00321C1D /* AppDelegate.h */,
				2B71682726838FFB00321C1D /* AppDelegate.m */,
				2B71682926838FFB00321C1D /* SceneDelegate.h */,
				2B71682A26838FFB00321C1D /* SceneDelegate.m */,
				2B71682F26838FFB00321C1D /* Main.storyboard */,
				2B71683226838FFD00321C1D /* Assets.xcassets */,
				2B71683426838FFD00321C1D /* LaunchScreen.storyboard */,
				2B71683726838FFD00321C1D /* Info.plist */,
				2B71683826838FFD00321C1D /* main.m */,
			);
			path = Flix;
			sourceTree = "<group>";
		};
		2B71684126838FFD00321C1D /* FlixTests */ = {
			isa = PBXGroup;
			children = (
				2B71684226838FFD00321C1D /* FlixTests.m */,
				2B71684426838FFD00321C1D /* Info.plist */,
			);
			path = FlixTests;
			sourceTree = "<group>";
		};
		2B71684C26838FFD00321C1D /* FlixUITests */ = {
			isa = PBXGroup;
			children = (
				2B71684D26838FFD00321C1D /* FlixUITests.m */,
				2B71684F26838FFD00321C1D /* Info.plist */,
			);
			path = FlixUITests;
			sourceTree = "<group>";
		};
		2B71685E268399CD00321C1D /* View Controllers */ = {
			isa = PBXGroup;
			children = (
				2B71685B2683983F00321C1D /* MoviesViewController.h */,
				2B71685C2683983F00321C1D /* MoviesViewController.m */,
				2BD684BC2684F1E400CF63D9 /* DetailsViewController.h */,
				2BD684BD2684F1E400CF63D9 /* DetailsViewController.m */,
			);
			path = "View Controllers";
			sourceTree = "<group>";
		};
		2B71685F268399D600321C1D /* Views */ = {
			isa = PBXGroup;
			children = (
				2B7168622683D0A900321C1D /* MovieCell.h */,
				2B7168632683D0A900321C1D /* MovieCell.m */,
			);
			path = Views;
			sourceTree = "<group>";
		};
		2B716861268399FD00321C1D /* Models */ = {
			isa = PBXGroup;
			children = (
			);
			path = Models;
			sourceTree = "<group>";
		};
		33D5EFC2414B7BAF6575EF07 /* Pods */ = {
			isa = PBXGroup;
			children = (
				CCA50E28B4E6FA733FCF1D2B /* Pods-Flix.debug.xcconfig */,
				DA48EDAE6CC5E4509C0C78CE /* Pods-Flix.release.xcconfig */,
				D5C0EEA0E310CBB5D7640F55 /* Pods-Flix-FlixUITests.debug.xcconfig */,
				DE6E76390D735952C922E12B /* Pods-Flix-FlixUITests.release.xcconfig */,
				BA92C1F4A315C95AB84F962F /* Pods-FlixTests.debug.xcconfig */,
				480DE85A18CC326952F40F52 /* Pods-FlixTests.release.xcconfig */,
			);
			path = Pods;
			sourceTree = "<group>";
		};
		D45A232A703EE1052EF84284 /* Frameworks */ = {
			isa = PBXGroup;
			children = (
				712B875EAD27CB1C4F81BEB1 /* Pods_Flix.framework */,
				79F997AC9632CE51BD81601C /* Pods_Flix_FlixUITests.framework */,
				C32F35F9D7DCE2B330FCBE92 /* Pods_FlixTests.framework */,
			);
			name = Frameworks;
			sourceTree = "<group>";
		};
/* End PBXGroup section */

/* Begin PBXNativeTarget section */
		2B71682226838FFB00321C1D /* Flix */ = {
			isa = PBXNativeTarget;
			buildConfigurationList = 2B71685226838FFD00321C1D /* Build configuration list for PBXNativeTarget "Flix" */;
			buildPhases = (
				BD86902F157816B837FBCE8C /* [CP] Check Pods Manifest.lock */,
				2B71681F26838FFB00321C1D /* Sources */,
				2B71682026838FFB00321C1D /* Frameworks */,
				2B71682126838FFB00321C1D /* Resources */,
				AF2F00F06E1718196C5EB21E /* [CP] Embed Pods Frameworks */,
			);
			buildRules = (
			);
			dependencies = (
			);
			name = Flix;
			productName = Flix;
			productReference = 2BD684722683DD5E00CF63D9 /* Flix.app */;
			productType = "com.apple.product-type.application";
		};
		2B71683D26838FFD00321C1D /* FlixTests */ = {
			isa = PBXNativeTarget;
			buildConfigurationList = 2B71685526838FFD00321C1D /* Build configuration list for PBXNativeTarget "FlixTests" */;
			buildPhases = (
				19E453E2A3148087F00B9502 /* [CP] Check Pods Manifest.lock */,
				2B71683A26838FFD00321C1D /* Sources */,
				2B71683B26838FFD00321C1D /* Frameworks */,
				2B71683C26838FFD00321C1D /* Resources */,
			);
			buildRules = (
			);
			dependencies = (
				2B71684026838FFD00321C1D /* PBXTargetDependency */,
			);
			name = FlixTests;
			productName = FlixTests;
			productReference = 2BD684732683DD5E00CF63D9 /* FlixTests.xctest */;
			productType = "com.apple.product-type.bundle.unit-test";
		};
		2B71684826838FFD00321C1D /* FlixUITests */ = {
			isa = PBXNativeTarget;
			buildConfigurationList = 2B71685826838FFD00321C1D /* Build configuration list for PBXNativeTarget "FlixUITests" */;
			buildPhases = (
				FC7121D889A678C73D468809 /* [CP] Check Pods Manifest.lock */,
				2B71684526838FFD00321C1D /* Sources */,
				2B71684626838FFD00321C1D /* Frameworks */,
				2B71684726838FFD00321C1D /* Resources */,
				C4B49DF3C79827DE96BE9A8B /* [CP] Embed Pods Frameworks */,
			);
			buildRules = (
			);
			dependencies = (
				2B71684B26838FFD00321C1D /* PBXTargetDependency */,
			);
			name = FlixUITests;
			productName = FlixUITests;
			productReference = 2BD684742683DD5E00CF63D9 /* FlixUITests.xctest */;
			productType = "com.apple.product-type.bundle.ui-testing";
		};
/* End PBXNativeTarget section */

/* Begin PBXProject section */
		2B71681B26838FFB00321C1D /* Project object */ = {
			isa = PBXProject;
			attributes = {
				LastUpgradeCheck = 1250;
				TargetAttributes = {
					2B71682226838FFB00321C1D = {
						CreatedOnToolsVersion = 12.5.1;
					};
					2B71683D26838FFD00321C1D = {
						CreatedOnToolsVersion = 12.5.1;
						TestTargetID = 2B71682226838FFB00321C1D;
					};
					2B71684826838FFD00321C1D = {
						CreatedOnToolsVersion = 12.5.1;
						TestTargetID = 2B71682226838FFB00321C1D;
					};
				};
			};
			buildConfigurationList = 2B71681E26838FFB00321C1D /* Build configuration list for PBXProject "Flix" */;
			compatibilityVersion = "Xcode 9.3";
			developmentRegion = en;
			hasScannedForEncodings = 0;
			knownRegions = (
				en,
				Base,
			);
			mainGroup = 2B71681A26838FFB00321C1D;
			productRefGroup = 2B71681A26838FFB00321C1D;
			projectDirPath = "";
			projectRoot = "";
			targets = (
				2B71682226838FFB00321C1D /* Flix */,
				2B71683D26838FFD00321C1D /* FlixTests */,
				2B71684826838FFD00321C1D /* FlixUITests */,
			);
		};
/* End PBXProject section */

/* Begin PBXResourcesBuildPhase section */
		2B71682126838FFB00321C1D /* Resources */ = {
			isa = PBXResourcesBuildPhase;
			buildActionMask = 2147483647;
			files = (
				2B71683626838FFD00321C1D /* LaunchScreen.storyboard in Resources */,
				2B71683326838FFD00321C1D /* Assets.xcassets in Resources */,
				2B71683126838FFB00321C1D /* Main.storyboard in Resources */,
			);
			runOnlyForDeploymentPostprocessing = 0;
		};
		2B71683C26838FFD00321C1D /* Resources */ = {
			isa = PBXResourcesBuildPhase;
			buildActionMask = 2147483647;
			files = (
			);
			runOnlyForDeploymentPostprocessing = 0;
		};
		2B71684726838FFD00321C1D /* Resources */ = {
			isa = PBXResourcesBuildPhase;
			buildActionMask = 2147483647;
			files = (
			);
			runOnlyForDeploymentPostprocessing = 0;
		};
/* End PBXResourcesBuildPhase section */

/* Begin PBXShellScriptBuildPhase section */
		19E453E2A3148087F00B9502 /* [CP] Check Pods Manifest.lock */ = {
			isa = PBXShellScriptBuildPhase;
			buildActionMask = 2147483647;
			files = (
			);
			inputFileListPaths = (
			);
			inputPaths = (
				"${PODS_PODFILE_DIR_PATH}/Podfile.lock",
				"${PODS_ROOT}/Manifest.lock",
			);
			name = "[CP] Check Pods Manifest.lock";
			outputFileListPaths = (
			);
			outputPaths = (
				"$(DERIVED_FILE_DIR)/Pods-FlixTests-checkManifestLockResult.txt",
			);
			runOnlyForDeploymentPostprocessing = 0;
			shellPath = /bin/sh;
			shellScript = "diff \"${PODS_PODFILE_DIR_PATH}/Podfile.lock\" \"${PODS_ROOT}/Manifest.lock\" > /dev/null\nif [ $? != 0 ] ; then\n    # print error to STDERR\n    echo \"error: The sandbox is not in sync with the Podfile.lock. Run 'pod install' or update your CocoaPods installation.\" >&2\n    exit 1\nfi\n# This output is used by Xcode 'outputs' to avoid re-running this script phase.\necho \"SUCCESS\" > \"${SCRIPT_OUTPUT_FILE_0}\"\n";
			showEnvVarsInLog = 0;
		};
		AF2F00F06E1718196C5EB21E /* [CP] Embed Pods Frameworks */ = {
			isa = PBXShellScriptBuildPhase;
			buildActionMask = 2147483647;
			files = (
			);
			inputFileListPaths = (
				"${PODS_ROOT}/Target Support Files/Pods-Flix/Pods-Flix-frameworks-${CONFIGURATION}-input-files.xcfilelist",
			);
			name = "[CP] Embed Pods Frameworks";
			outputFileListPaths = (
				"${PODS_ROOT}/Target Support Files/Pods-Flix/Pods-Flix-frameworks-${CONFIGURATION}-output-files.xcfilelist",
			);
			runOnlyForDeploymentPostprocessing = 0;
			shellPath = /bin/sh;
			shellScript = "\"${PODS_ROOT}/Target Support Files/Pods-Flix/Pods-Flix-frameworks.sh\"\n";
			showEnvVarsInLog = 0;
		};
		BD86902F157816B837FBCE8C /* [CP] Check Pods Manifest.lock */ = {
			isa = PBXShellScriptBuildPhase;
			buildActionMask = 2147483647;
			files = (
			);
			inputFileListPaths = (
			);
			inputPaths = (
				"${PODS_PODFILE_DIR_PATH}/Podfile.lock",
				"${PODS_ROOT}/Manifest.lock",
			);
			name = "[CP] Check Pods Manifest.lock";
			outputFileListPaths = (
			);
			outputPaths = (
				"$(DERIVED_FILE_DIR)/Pods-Flix-checkManifestLockResult.txt",
			);
			runOnlyForDeploymentPostprocessing = 0;
			shellPath = /bin/sh;
			shellScript = "diff \"${PODS_PODFILE_DIR_PATH}/Podfile.lock\" \"${PODS_ROOT}/Manifest.lock\" > /dev/null\nif [ $? != 0 ] ; then\n    # print error to STDERR\n    echo \"error: The sandbox is not in sync with the Podfile.lock. Run 'pod install' or update your CocoaPods installation.\" >&2\n    exit 1\nfi\n# This output is used by Xcode 'outputs' to avoid re-running this script phase.\necho \"SUCCESS\" > \"${SCRIPT_OUTPUT_FILE_0}\"\n";
			showEnvVarsInLog = 0;
		};
		C4B49DF3C79827DE96BE9A8B /* [CP] Embed Pods Frameworks */ = {
			isa = PBXShellScriptBuildPhase;
			buildActionMask = 2147483647;
			files = (
			);
			inputFileListPaths = (
				"${PODS_ROOT}/Target Support Files/Pods-Flix-FlixUITests/Pods-Flix-FlixUITests-frameworks-${CONFIGURATION}-input-files.xcfilelist",
			);
			name = "[CP] Embed Pods Frameworks";
			outputFileListPaths = (
				"${PODS_ROOT}/Target Support Files/Pods-Flix-FlixUITests/Pods-Flix-FlixUITests-frameworks-${CONFIGURATION}-output-files.xcfilelist",
			);
			runOnlyForDeploymentPostprocessing = 0;
			shellPath = /bin/sh;
			shellScript = "\"${PODS_ROOT}/Target Support Files/Pods-Flix-FlixUITests/Pods-Flix-FlixUITests-frameworks.sh\"\n";
			showEnvVarsInLog = 0;
		};
		FC7121D889A678C73D468809 /* [CP] Check Pods Manifest.lock */ = {
			isa = PBXShellScriptBuildPhase;
			buildActionMask = 2147483647;
			files = (
			);
			inputFileListPaths = (
			);
			inputPaths = (
				"${PODS_PODFILE_DIR_PATH}/Podfile.lock",
				"${PODS_ROOT}/Manifest.lock",
			);
			name = "[CP] Check Pods Manifest.lock";
			outputFileListPaths = (
			);
			outputPaths = (
				"$(DERIVED_FILE_DIR)/Pods-Flix-FlixUITests-checkManifestLockResult.txt",
			);
			runOnlyForDeploymentPostprocessing = 0;
			shellPath = /bin/sh;
			shellScript = "diff \"${PODS_PODFILE_DIR_PATH}/Podfile.lock\" \"${PODS_ROOT}/Manifest.lock\" > /dev/null\nif [ $? != 0 ] ; then\n    # print error to STDERR\n    echo \"error: The sandbox is not in sync with the Podfile.lock. Run 'pod install' or update your CocoaPods installation.\" >&2\n    exit 1\nfi\n# This output is used by Xcode 'outputs' to avoid re-running this script phase.\necho \"SUCCESS\" > \"${SCRIPT_OUTPUT_FILE_0}\"\n";
			showEnvVarsInLog = 0;
		};
/* End PBXShellScriptBuildPhase section */

/* Begin PBXSourcesBuildPhase section */
		2B71681F26838FFB00321C1D /* Sources */ = {
			isa = PBXSourcesBuildPhase;
			buildActionMask = 2147483647;
			files = (
				2B71682826838FFB00321C1D /* AppDelegate.m in Sources */,
				2B7168642683D0A900321C1D /* MovieCell.m in Sources */,
				2B71685D2683983F00321C1D /* MoviesViewController.m in Sources */,
				2BD684BE2684F1E400CF63D9 /* DetailsViewController.m in Sources */,
				2B71683926838FFD00321C1D /* main.m in Sources */,
				2B71682B26838FFB00321C1D /* SceneDelegate.m in Sources */,
			);
			runOnlyForDeploymentPostprocessing = 0;
		};
		2B71683A26838FFD00321C1D /* Sources */ = {
			isa = PBXSourcesBuildPhase;
			buildActionMask = 2147483647;
			files = (
				2B71684326838FFD00321C1D /* FlixTests.m in Sources */,
			);
			runOnlyForDeploymentPostprocessing = 0;
		};
		2B71684526838FFD00321C1D /* Sources */ = {
			isa = PBXSourcesBuildPhase;
			buildActionMask = 2147483647;
			files = (
				2B71684E26838FFD00321C1D /* FlixUITests.m in Sources */,
			);
			runOnlyForDeploymentPostprocessing = 0;
		};
/* End PBXSourcesBuildPhase section */

/* Begin PBXTargetDependency section */
		2B71684026838FFD00321C1D /* PBXTargetDependency */ = {
			isa = PBXTargetDependency;
			target = 2B71682226838FFB00321C1D /* Flix */;
			targetProxy = 2B71683F26838FFD00321C1D /* PBXContainerItemProxy */;
		};
		2B71684B26838FFD00321C1D /* PBXTargetDependency */ = {
			isa = PBXTargetDependency;
			target = 2B71682226838FFB00321C1D /* Flix */;
			targetProxy = 2B71684A26838FFD00321C1D /* PBXContainerItemProxy */;
		};
/* End PBXTargetDependency section */

/* Begin PBXVariantGroup section */
		2B71682F26838FFB00321C1D /* Main.storyboard */ = {
			isa = PBXVariantGroup;
			children = (
				2B71683026838FFB00321C1D /* Base */,
			);
			name = Main.storyboard;
			sourceTree = "<group>";
		};
		2B71683426838FFD00321C1D /* LaunchScreen.storyboard */ = {
			isa = PBXVariantGroup;
			children = (
				2B71683526838FFD00321C1D /* Base */,
			);
			name = LaunchScreen.storyboard;
			sourceTree = "<group>";
		};
/* End PBXVariantGroup section */

/* Begin XCBuildConfiguration section */
		2B71685026838FFD00321C1D /* Debug */ = {
			isa = XCBuildConfiguration;
			buildSettings = {
				ALWAYS_SEARCH_USER_PATHS = NO;
				CLANG_ANALYZER_NONNULL = YES;
				CLANG_ANALYZER_NUMBER_OBJECT_CONVERSION = YES_AGGRESSIVE;
				CLANG_CXX_LANGUAGE_STANDARD = "gnu++14";
				CLANG_CXX_LIBRARY = "libc++";
				CLANG_ENABLE_MODULES = YES;
				CLANG_ENABLE_OBJC_ARC = YES;
				CLANG_ENABLE_OBJC_WEAK = YES;
				CLANG_WARN_BLOCK_CAPTURE_AUTORELEASING = YES;
				CLANG_WARN_BOOL_CONVERSION = YES;
				CLANG_WARN_COMMA = YES;
				CLANG_WARN_CONSTANT_CONVERSION = YES;
				CLANG_WARN_DEPRECATED_OBJC_IMPLEMENTATIONS = YES;
				CLANG_WARN_DIRECT_OBJC_ISA_USAGE = YES_ERROR;
				CLANG_WARN_DOCUMENTATION_COMMENTS = YES;
				CLANG_WARN_EMPTY_BODY = YES;
				CLANG_WARN_ENUM_CONVERSION = YES;
				CLANG_WARN_INFINITE_RECURSION = YES;
				CLANG_WARN_INT_CONVERSION = YES;
				CLANG_WARN_NON_LITERAL_NULL_CONVERSION = YES;
				CLANG_WARN_OBJC_IMPLICIT_RETAIN_SELF = YES;
				CLANG_WARN_OBJC_LITERAL_CONVERSION = YES;
				CLANG_WARN_OBJC_ROOT_CLASS = YES_ERROR;
				CLANG_WARN_QUOTED_INCLUDE_IN_FRAMEWORK_HEADER = YES;
				CLANG_WARN_RANGE_LOOP_ANALYSIS = YES;
				CLANG_WARN_STRICT_PROTOTYPES = YES;
				CLANG_WARN_SUSPICIOUS_MOVE = YES;
				CLANG_WARN_UNGUARDED_AVAILABILITY = YES_AGGRESSIVE;
				CLANG_WARN_UNREACHABLE_CODE = YES;
				CLANG_WARN__DUPLICATE_METHOD_MATCH = YES;
				COPY_PHASE_STRIP = NO;
				DEBUG_INFORMATION_FORMAT = dwarf;
				ENABLE_STRICT_OBJC_MSGSEND = YES;
				ENABLE_TESTABILITY = YES;
				GCC_C_LANGUAGE_STANDARD = gnu11;
				GCC_DYNAMIC_NO_PIC = NO;
				GCC_NO_COMMON_BLOCKS = YES;
				GCC_OPTIMIZATION_LEVEL = 0;
				GCC_PREPROCESSOR_DEFINITIONS = (
					"DEBUG=1",
					"$(inherited)",
				);
				GCC_WARN_64_TO_32_BIT_CONVERSION = YES;
				GCC_WARN_ABOUT_RETURN_TYPE = YES_ERROR;
				GCC_WARN_UNDECLARED_SELECTOR = YES;
				GCC_WARN_UNINITIALIZED_AUTOS = YES_AGGRESSIVE;
				GCC_WARN_UNUSED_FUNCTION = YES;
				GCC_WARN_UNUSED_VARIABLE = YES;
				IPHONEOS_DEPLOYMENT_TARGET = 14.5;
				MTL_ENABLE_DEBUG_INFO = INCLUDE_SOURCE;
				MTL_FAST_MATH = YES;
				ONLY_ACTIVE_ARCH = YES;
				SDKROOT = iphoneos;
			};
			name = Debug;
		};
		2B71685126838FFD00321C1D /* Release */ = {
			isa = XCBuildConfiguration;
			buildSettings = {
				ALWAYS_SEARCH_USER_PATHS = NO;
				CLANG_ANALYZER_NONNULL = YES;
				CLANG_ANALYZER_NUMBER_OBJECT_CONVERSION = YES_AGGRESSIVE;
				CLANG_CXX_LANGUAGE_STANDARD = "gnu++14";
				CLANG_CXX_LIBRARY = "libc++";
				CLANG_ENABLE_MODULES = YES;
				CLANG_ENABLE_OBJC_ARC = YES;
				CLANG_ENABLE_OBJC_WEAK = YES;
				CLANG_WARN_BLOCK_CAPTURE_AUTORELEASING = YES;
				CLANG_WARN_BOOL_CONVERSION = YES;
				CLANG_WARN_COMMA = YES;
				CLANG_WARN_CONSTANT_CONVERSION = YES;
				CLANG_WARN_DEPRECATED_OBJC_IMPLEMENTATIONS = YES;
				CLANG_WARN_DIRECT_OBJC_ISA_USAGE = YES_ERROR;
				CLANG_WARN_DOCUMENTATION_COMMENTS = YES;
				CLANG_WARN_EMPTY_BODY = YES;
				CLANG_WARN_ENUM_CONVERSION = YES;
				CLANG_WARN_INFINITE_RECURSION = YES;
				CLANG_WARN_INT_CONVERSION = YES;
				CLANG_WARN_NON_LITERAL_NULL_CONVERSION = YES;
				CLANG_WARN_OBJC_IMPLICIT_RETAIN_SELF = YES;
				CLANG_WARN_OBJC_LITERAL_CONVERSION = YES;
				CLANG_WARN_OBJC_ROOT_CLASS = YES_ERROR;
				CLANG_WARN_QUOTED_INCLUDE_IN_FRAMEWORK_HEADER = YES;
				CLANG_WARN_RANGE_LOOP_ANALYSIS = YES;
				CLANG_WARN_STRICT_PROTOTYPES = YES;
				CLANG_WARN_SUSPICIOUS_MOVE = YES;
				CLANG_WARN_UNGUARDED_AVAILABILITY = YES_AGGRESSIVE;
				CLANG_WARN_UNREACHABLE_CODE = YES;
				CLANG_WARN__DUPLICATE_METHOD_MATCH = YES;
				COPY_PHASE_STRIP = NO;
				DEBUG_INFORMATION_FORMAT = "dwarf-with-dsym";
				ENABLE_NS_ASSERTIONS = NO;
				ENABLE_STRICT_OBJC_MSGSEND = YES;
				GCC_C_LANGUAGE_STANDARD = gnu11;
				GCC_NO_COMMON_BLOCKS = YES;
				GCC_WARN_64_TO_32_BIT_CONVERSION = YES;
				GCC_WARN_ABOUT_RETURN_TYPE = YES_ERROR;
				GCC_WARN_UNDECLARED_SELECTOR = YES;
				GCC_WARN_UNINITIALIZED_AUTOS = YES_AGGRESSIVE;
				GCC_WARN_UNUSED_FUNCTION = YES;
				GCC_WARN_UNUSED_VARIABLE = YES;
				IPHONEOS_DEPLOYMENT_TARGET = 14.5;
				MTL_ENABLE_DEBUG_INFO = NO;
				MTL_FAST_MATH = YES;
				SDKROOT = iphoneos;
				VALIDATE_PRODUCT = YES;
			};
			name = Release;
		};
		2B71685326838FFD00321C1D /* Debug */ = {
			isa = XCBuildConfiguration;
			baseConfigurationReference = CCA50E28B4E6FA733FCF1D2B /* Pods-Flix.debug.xcconfig */;
			buildSettings = {
				ASSETCATALOG_COMPILER_APPICON_NAME = AppIcon;
				ASSETCATALOG_COMPILER_GLOBAL_ACCENT_COLOR_NAME = AccentColor;
				CODE_SIGN_STYLE = Automatic;
				DEVELOPMENT_TEAM = 9A5V9D5GG9;
				INFOPLIST_FILE = Flix/Info.plist;
				IPHONEOS_DEPLOYMENT_TARGET = 14.3;
				LD_RUNPATH_SEARCH_PATHS = (
					"$(inherited)",
					"@executable_path/Frameworks",
				);
				PRODUCT_BUNDLE_IDENTIFIER = com.gbanuel.Flix;
				PRODUCT_NAME = "$(TARGET_NAME)";
				TARGETED_DEVICE_FAMILY = "1,2";
			};
			name = Debug;
		};
		2B71685426838FFD00321C1D /* Release */ = {
			isa = XCBuildConfiguration;
			baseConfigurationReference = DA48EDAE6CC5E4509C0C78CE /* Pods-Flix.release.xcconfig */;
			buildSettings = {
				ASSETCATALOG_COMPILER_APPICON_NAME = AppIcon;
				ASSETCATALOG_COMPILER_GLOBAL_ACCENT_COLOR_NAME = AccentColor;
				CODE_SIGN_STYLE = Automatic;
				DEVELOPMENT_TEAM = 9A5V9D5GG9;
				INFOPLIST_FILE = Flix/Info.plist;
				IPHONEOS_DEPLOYMENT_TARGET = 14.3;
				LD_RUNPATH_SEARCH_PATHS = (
					"$(inherited)",
					"@executable_path/Frameworks",
				);
				PRODUCT_BUNDLE_IDENTIFIER = com.gbanuel.Flix;
				PRODUCT_NAME = "$(TARGET_NAME)";
				TARGETED_DEVICE_FAMILY = "1,2";
			};
			name = Release;
		};
		2B71685626838FFD00321C1D /* Debug */ = {
			isa = XCBuildConfiguration;
			baseConfigurationReference = BA92C1F4A315C95AB84F962F /* Pods-FlixTests.debug.xcconfig */;
			buildSettings = {
				BUNDLE_LOADER = "$(TEST_HOST)";
				CODE_SIGN_STYLE = Automatic;
				DEVELOPMENT_TEAM = 9A5V9D5GG9;
				INFOPLIST_FILE = FlixTests/Info.plist;
				IPHONEOS_DEPLOYMENT_TARGET = 14.5;
				LD_RUNPATH_SEARCH_PATHS = (
					"$(inherited)",
					"@executable_path/Frameworks",
					"@loader_path/Frameworks",
				);
				PRODUCT_BUNDLE_IDENTIFIER = com.gbanuel.FlixTests;
				PRODUCT_NAME = "$(TARGET_NAME)";
				TARGETED_DEVICE_FAMILY = "1,2";
				TEST_HOST = "$(BUILT_PRODUCTS_DIR)/Flix.app/Flix";
			};
			name = Debug;
		};
		2B71685726838FFD00321C1D /* Release */ = {
			isa = XCBuildConfiguration;
			baseConfigurationReference = 480DE85A18CC326952F40F52 /* Pods-FlixTests.release.xcconfig */;
			buildSettings = {
				BUNDLE_LOADER = "$(TEST_HOST)";
				CODE_SIGN_STYLE = Automatic;
				DEVELOPMENT_TEAM = 9A5V9D5GG9;
				INFOPLIST_FILE = FlixTests/Info.plist;
				IPHONEOS_DEPLOYMENT_TARGET = 14.5;
				LD_RUNPATH_SEARCH_PATHS = (
					"$(inherited)",
					"@executable_path/Frameworks",
					"@loader_path/Frameworks",
				);
				PRODUCT_BUNDLE_IDENTIFIER = com.gbanuel.FlixTests;
				PRODUCT_NAME = "$(TARGET_NAME)";
				TARGETED_DEVICE_FAMILY = "1,2";
				TEST_HOST = "$(BUILT_PRODUCTS_DIR)/Flix.app/Flix";
			};
			name = Release;
		};
		2B71685926838FFD00321C1D /* Debug */ = {
			isa = XCBuildConfiguration;
			baseConfigurationReference = D5C0EEA0E310CBB5D7640F55 /* Pods-Flix-FlixUITests.debug.xcconfig */;
			buildSettings = {
				CODE_SIGN_STYLE = Automatic;
				DEVELOPMENT_TEAM = 9A5V9D5GG9;
				INFOPLIST_FILE = FlixUITests/Info.plist;
				LD_RUNPATH_SEARCH_PATHS = (
					"$(inherited)",
					"@executable_path/Frameworks",
					"@loader_path/Frameworks",
				);
				PRODUCT_BUNDLE_IDENTIFIER = com.gbanuel.FlixUITests;
				PRODUCT_NAME = "$(TARGET_NAME)";
				TARGETED_DEVICE_FAMILY = "1,2";
				TEST_TARGET_NAME = Flix;
			};
			name = Debug;
		};
		2B71685A26838FFD00321C1D /* Release */ = {
			isa = XCBuildConfiguration;
			baseConfigurationReference = DE6E76390D735952C922E12B /* Pods-Flix-FlixUITests.release.xcconfig */;
			buildSettings = {
				CODE_SIGN_STYLE = Automatic;
				DEVELOPMENT_TEAM = 9A5V9D5GG9;
				INFOPLIST_FILE = FlixUITests/Info.plist;
				LD_RUNPATH_SEARCH_PATHS = (
					"$(inherited)",
					"@executable_path/Frameworks",
					"@loader_path/Frameworks",
				);
				PRODUCT_BUNDLE_IDENTIFIER = com.gbanuel.FlixUITests;
				PRODUCT_NAME = "$(TARGET_NAME)";
				TARGETED_DEVICE_FAMILY = "1,2";
				TEST_TARGET_NAME = Flix;
			};
			name = Release;
		};
/* End XCBuildConfiguration section */

/* Begin XCConfigurationList section */
		2B71681E26838FFB00321C1D /* Build configuration list for PBXProject "Flix" */ = {
			isa = XCConfigurationList;
			buildConfigurations = (
				2B71685026838FFD00321C1D /* Debug */,
				2B71685126838FFD00321C1D /* Release */,
			);
			defaultConfigurationIsVisible = 0;
			defaultConfigurationName = Release;
		};
		2B71685226838FFD00321C1D /* Build configuration list for PBXNativeTarget "Flix" */ = {
			isa = XCConfigurationList;
			buildConfigurations = (
				2B71685326838FFD00321C1D /* Debug */,
				2B71685426838FFD00321C1D /* Release */,
			);
			defaultConfigurationIsVisible = 0;
			defaultConfigurationName = Release;
		};
		2B71685526838FFD00321C1D /* Build configuration list for PBXNativeTarget "FlixTests" */ = {
			isa = XCConfigurationList;
			buildConfigurations = (
				2B71685626838FFD00321C1D /* Debug */,
				2B71685726838FFD00321C1D /* Release */,
			);
			defaultConfigurationIsVisible = 0;
			defaultConfigurationName = Release;
		};
		2B71685826838FFD00321C1D /* Build configuration list for PBXNativeTarget "FlixUITests" */ = {
			isa = XCConfigurationList;
			buildConfigurations = (
				2B71685926838FFD00321C1D /* Debug */,
				2B71685A26838FFD00321C1D /* Release */,
			);
			defaultConfigurationIsVisible = 0;
			defaultConfigurationName = Release;
		};
/* End XCConfigurationList section */
	};
	rootObject = 2B71681B26838FFB00321C1D /* Project object */;
}
